// !$*UTF8*$!
{
	archiveVersion = 1;
	classes = {
	};
	objectVersion = 46;
	objects = {

/* Begin PBXBuildFile section */
		5623CA621E44F8BE005E6C40 /* AppDelegate.swift in Sources */ = {isa = PBXBuildFile; fileRef = 5623CA611E44F8BE005E6C40 /* AppDelegate.swift */; };
		5623CA641E44F8BE005E6C40 /* ViewController.swift in Sources */ = {isa = PBXBuildFile; fileRef = 5623CA631E44F8BE005E6C40 /* ViewController.swift */; };
		5623CA671E44F8BE005E6C40 /* Main.storyboard in Resources */ = {isa = PBXBuildFile; fileRef = 5623CA651E44F8BE005E6C40 /* Main.storyboard */; };
		5623CA691E44F8BE005E6C40 /* Assets.xcassets in Resources */ = {isa = PBXBuildFile; fileRef = 5623CA681E44F8BE005E6C40 /* Assets.xcassets */; };
		5623CA6C1E44F8BE005E6C40 /* LaunchScreen.storyboard in Resources */ = {isa = PBXBuildFile; fileRef = 5623CA6A1E44F8BE005E6C40 /* LaunchScreen.storyboard */; };
/* End PBXBuildFile section */

/* Begin PBXFileReference section */
		5623CA5E1E44F8BE005E6C40 /* 1RA_EVA_4_OUTLETSS.app */ = {isa = PBXFileReference; explicitFileType = wrapper.application; includeInIndex = 0; path = 1RA_EVA_4_OUTLETSS.app; sourceTree = BUILT_PRODUCTS_DIR; };
		5623CA611E44F8BE005E6C40 /* AppDelegate.swift */ = {isa = PBXFileReference; lastKnownFileType = sourcecode.swift; path = AppDelegate.swift; sourceTree = "<group>"; };
		5623CA631E44F8BE005E6C40 /* ViewController.swift */ = {isa = PBXFileReference; lastKnownFileType = sourcecode.swift; path = ViewController.swift; sourceTree = "<group>"; };
		5623CA661E44F8BE005E6C40 /* Base */ = {isa = PBXFileReference; lastKnownFileType = file.storyboard; name = Base; path = Base.lproj/Main.storyboard; sourceTree = "<group>"; };
		5623CA681E44F8BE005E6C40 /* Assets.xcassets */ = {isa = PBXFileReference; lastKnownFileType = folder.assetcatalog; path = Assets.xcassets; sourceTree = "<group>"; };
		5623CA6B1E44F8BE005E6C40 /* Base */ = {isa = PBXFileReference; lastKnownFileType = file.storyboard; name = Base; path = Base.lproj/LaunchScreen.storyboard; sourceTree = "<group>"; };
		5623CA6D1E44F8BE005E6C40 /* Info.plist */ = {isa = PBXFileReference; lastKnownFileType = text.plist.xml; path = Info.plist; sourceTree = "<group>"; };
/* End PBXFileReference section */

/* Begin PBXFrameworksBuildPhase section */
		5623CA5B1E44F8BE005E6C40 /* Frameworks */ = {
			isa = PBXFrameworksBuildPhase;
			buildActionMask = 2147483647;
			files = (
			);
			runOnlyForDeploymentPostprocessing = 0;
		};
/* End PBXFrameworksBuildPhase section */

/* Begin PBXGroup section */
		5623CA551E44F8BE005E6C40 = {
			isa = PBXGroup;
			children = (
				5623CA601E44F8BE005E6C40 /* 1RA_EVA_4_OUTLETSS */,
				5623CA5F1E44F8BE005E6C40 /* Products */,
			);
			sourceTree = "<group>";
		};
		5623CA5F1E44F8BE005E6C40 /* Products */ = {
			isa = PBXGroup;
			children = (
				5623CA5E1E44F8BE005E6C40 /* 1RA_EVA_4_OUTLETSS.app */,
			);
			name = Products;
			sourceTree = "<group>";
		};
		5623CA601E44F8BE005E6C40 /* 1RA_EVA_4_OUTLETSS */ = {
			isa = PBXGroup;
			children = (
				5623CA611E44F8BE005E6C40 /* AppDelegate.swift */,
				5623CA631E44F8BE005E6C40 /* ViewController.swift */,
				5623CA651E44F8BE005E6C40 /* Main.storyboard */,
				5623CA681E44F8BE005E6C40 /* Assets.xcassets */,
				5623CA6A1E44F8BE005E6C40 /* LaunchScreen.storyboard */,
				5623CA6D1E44F8BE005E6C40 /* Info.plist */,
			);
			path = 1RA_EVA_4_OUTLETSS;
			sourceTree = "<group>";
		};
/* End PBXGroup section */

/* Begin PBXNativeTarget section */
		5623CA5D1E44F8BE005E6C40 /* 1RA_EVA_4_OUTLETSS */ = {
			isa = PBXNativeTarget;
			buildConfigurationList = 5623CA701E44F8BE005E6C40 /* Build configuration list for PBXNativeTarget "1RA_EVA_4_OUTLETSS" */;
			buildPhases = (
				5623CA5A1E44F8BE005E6C40 /* Sources */,
				5623CA5B1E44F8BE005E6C40 /* Frameworks */,
				5623CA5C1E44F8BE005E6C40 /* Resources */,
			);
			buildRules = (
			);
			dependencies = (
			);
			name = 1RA_EVA_4_OUTLETSS;
			productName = 1RA_EVA_4_OUTLETSS;
			productReference = 5623CA5E1E44F8BE005E6C40 /* 1RA_EVA_4_OUTLETSS.app */;
			productType = "com.apple.product-type.application";
		};
/* End PBXNativeTarget section */

/* Begin PBXProject section */
		5623CA561E44F8BE005E6C40 /* Project object */ = {
			isa = PBXProject;
			attributes = {
				LastUpgradeCheck = 0700;
				ORGANIZATIONNAME = ROLANDO;
				TargetAttributes = {
					5623CA5D1E44F8BE005E6C40 = {
						CreatedOnToolsVersion = 7.0;
					};
				};
			};
			buildConfigurationList = 5623CA591E44F8BE005E6C40 /* Build configuration list for PBXProject "1RA_EVA_4_OUTLETSS" */;
			compatibilityVersion = "Xcode 3.2";
			developmentRegion = English;
			hasScannedForEncodings = 0;
			knownRegions = (
				en,
				Base,
			);
			mainGroup = 5623CA551E44F8BE005E6C40;
			productRefGroup = 5623CA5F1E44F8BE005E6C40 /* Products */;
			projectDirPath = "";
			projectRoot = "";
			targets = (
				5623CA5D1E44F8BE005E6C40 /* 1RA_EVA_4_OUTLETSS */,
			);
		};
/* End PBXProject section */

/* Begin PBXResourcesBuildPhase section */
		5623CA5C1E44F8BE005E6C40 /* Resources */ = {
			isa = PBXResourcesBuildPhase;
			buildActionMask = 2147483647;
			files = (
				5623CA6C1E44F8BE005E6C40 /* LaunchScreen.storyboard in Resources */,
				5623CA691E44F8BE005E6C40 /* Assets.xcassets in Resources */,
				5623CA671E44F8BE005E6C40 /* Main.storyboard in Resources */,
			);
			runOnlyForDeploymentPostprocessing = 0;
		};
/* End PBXResourcesBuildPhase section */

/* Begin PBXSourcesBuildPhase section */
		5623CA5A1E44F8BE005E6C40 /* Sources */ = {
			isa = PBXSourcesBuildPhase;
			buildActionMask = 2147483647;
			files = (
				5623CA641E44F8BE005E6C40 /* ViewController.swift in Sources */,
				5623CA621E44F8BE005E6C40 /* AppDelegate.swift in Sources */,
			);
			runOnlyForDeploymentPostprocessing = 0;
		};
/* End PBXSourcesBuildPhase section */

/* Begin PBXVariantGroup section */
		5623CA651E44F8BE005E6C40 /* Main.storyboard */ = {
			isa = PBXVariantGroup;
			children = (
				5623CA661E44F8BE005E6C40 /* Base */,
			);
			name = Main.storyboard;
			sourceTree = "<group>";
		};
		5623CA6A1E44F8BE005E6C40 /* LaunchScreen.storyboard */ = {
			isa = PBXVariantGroup;
			children = (
				5623CA6B1E44F8BE005E6C40 /* Base */,
			);
			name = LaunchScreen.storyboard;
			sourceTree = "<group>";
		};
/* End PBXVariantGroup section */

/* Begin XCBuildConfiguration section */
		5623CA6E1E44F8BE005E6C40 /* Debug */ = {
			isa = XCBuildConfiguration;
			buildSettings = {
				ALWAYS_SEARCH_USER_PATHS = NO;
				CLANG_CXX_LANGUAGE_STANDARD = "gnu++0x";
				CLANG_CXX_LIBRARY = "libc++";
				CLANG_ENABLE_MODULES = YES;
				CLANG_ENABLE_OBJC_ARC = YES;
				CLANG_WARN_BOOL_CONVERSION = YES;
				CLANG_WARN_CONSTANT_CONVERSION = YES;
				CLANG_WARN_DIRECT_OBJC_ISA_USAGE = YES_ERROR;
				CLANG_WARN_EMPTY_BODY = YES;
				CLANG_WARN_ENUM_CONVERSION = YES;
				CLANG_WARN_INT_CONVERSION = YES;
				CLANG_WARN_OBJC_ROOT_CLASS = YES_ERROR;
				CLANG_WARN_UNREACHABLE_CODE = YES;
				CLANG_WARN__DUPLICATE_METHOD_MATCH = YES;
				"CODE_SIGN_IDENTITY[sdk=iphoneos*]" = "iPhone Developer";
				COPY_PHASE_STRIP = NO;
				DEBUG_INFORMATION_FORMAT = dwarf;
				ENABLE_STRICT_OBJC_MSGSEND = YES;
				ENABLE_TESTABILITY = YES;
				GCC_C_LANGUAGE_STANDARD = gnu99;
				GCC_DYNAMIC_NO_PIC = NO;
				GCC_NO_COMMON_BLOCKS = YES;
				GCC_OPTIMIZATION_LEVEL = 0;
				GCC_PREPROCESSOR_DEFINITIONS = (
					"DEBUG=1",
					"$(inherited)",
				);
				GCC_WARN_64_TO_32_BIT_CONVERSION = YES;
				GCC_WARN_ABOUT_RETURN_TYPE = YES_ERROR;
				GCC_WARN_UNDECLARED_SELECTOR = YES;
				GCC_WARN_UNINITIALIZED_AUTOS = YES_AGGRESSIVE;
				GCC_WARN_UNUSED_FUNCTION = YES;
				GCC_WARN_UNUSED_VARIABLE = YES;
				IPHONEOS_DEPLOYMENT_TARGET = 9.0;
				MTL_ENABLE_DEBUG_INFO = YES;
				ONLY_ACTIVE_ARCH = YES;
				SDKROOT = iphoneos;
				SWIFT_OPTIMIZATION_LEVEL = "-Onone";
				TARGETED_DEVICE_FAMILY = "1,2";
			};
			name = Debug;
		};
		5623CA6F1E44F8BE005E6C40 /* Release */ = {
			isa = XCBuildConfiguration;
			buildSettings = {
				ALWAYS_SEARCH_USER_PATHS = NO;
				CLANG_CXX_LANGUAGE_STANDARD = "gnu++0x";
				CLANG_CXX_LIBRARY = "libc++";
				CLANG_ENABLE_MODULES = YES;
				CLANG_ENABLE_OBJC_ARC = YES;
				CLANG_WARN_BOOL_CONVERSION = YES;
				CLANG_WARN_CONSTANT_CONVERSION = YES;
				CLANG_WARN_DIRECT_OBJC_ISA_USAGE = YES_ERROR;
				CLANG_WARN_EMPTY_BODY = YES;
				CLANG_WARN_ENUM_CONVERSION = YES;
				CLANG_WARN_INT_CONVERSION = YES;
				CLANG_WARN_OBJC_ROOT_CLASS = YES_ERROR;
				CLANG_WARN_UNREACHABLE_CODE = YES;
				CLANG_WARN__DUPLICATE_METHOD_MATCH = YES;
				"CODE_SIGN_IDENTITY[sdk=iphoneos*]" = "iPhone Developer";
				COPY_PHASE_STRIP = NO;
				DEBUG_INFORMATION_FORMAT = "dwarf-with-dsym";
				ENABLE_NS_ASSERTIONS = NO;
				ENABLE_STRICT_OBJC_MSGSEND = YES;
				GCC_C_LANGUAGE_STANDARD = gnu99;
				GCC_NO_COMMON_BLOCKS = YES;
				GCC_WARN_64_TO_32_BIT_CONVERSION = YES;
				GCC_WARN_ABOUT_RETURN_TYPE = YES_ERROR;
				GCC_WARN_UNDECLARED_SELECTOR = YES;
				GCC_WARN_UNINITIALIZED_AUTOS = YES_AGGRESSIVE;
				GCC_WARN_UNUSED_FUNCTION = YES;
				GCC_WARN_UNUSED_VARIABLE = YES;
				IPHONEOS_DEPLOYMENT_TARGET = 9.0;
				MTL_ENABLE_DEBUG_INFO = NO;
				SDKROOT = iphoneos;
				TARGETED_DEVICE_FAMILY = "1,2";
				VALIDATE_PRODUCT = YES;
			};
			name = Release;
		};
		5623CA711E44F8BE005E6C40 /* Debug */ = {
			isa = XCBuildConfiguration;
			buildSettings = {
				ASSETCATALOG_COMPILER_APPICON_NAME = AppIcon;
				INFOPLIST_FILE = 1RA_EVA_4_OUTLETSS/Info.plist;
				LD_RUNPATH_SEARCH_PATHS = "$(inherited) @executable_path/Frameworks";
				PRODUCT_BUNDLE_IDENTIFIER = "com.rolando.-RA-EVA-4-OUTLETSS";
				PRODUCT_NAME = "$(TARGET_NAME)";
			};
			name = Debug;
		};
		5623CA721E44F8BE005E6C40 /* Release */ = {
			isa = XCBuildConfiguration;
			buildSettings = {
				ASSETCATALOG_COMPILER_APPICON_NAME = AppIcon;
				INFOPLIST_FILE = 1RA_EVA_4_OUTLETSS/Info.plist;
				LD_RUNPATH_SEARCH_PATHS = "$(inherited) @executable_path/Frameworks";
				PRODUCT_BUNDLE_IDENTIFIER = "com.rolando.-RA-EVA-4-OUTLETSS";
				PRODUCT_NAME = "$(TARGET_NAME)";
			};
			name = Release;
		};
/* End XCBuildConfiguration section */

/* Begin XCConfigurationList section */
		5623CA591E44F8BE005E6C40 /* Build configuration list for PBXProject "1RA_EVA_4_OUTLETSS" */ = {
			isa = XCConfigurationList;
			buildConfigurations = (
				5623CA6E1E44F8BE005E6C40 /* Debug */,
				5623CA6F1E44F8BE005E6C40 /* Release */,
			);
			defaultConfigurationIsVisible = 0;
			defaultConfigurationName = Release;
		};
		5623CA701E44F8BE005E6C40 /* Build configuration list for PBXNativeTarget "1RA_EVA_4_OUTLETSS" */ = {
			isa = XCConfigurationList;
			buildConfigurations = (
				5623CA711E44F8BE005E6C40 /* Debug */,
				5623CA721E44F8BE005E6C40 /* Release */,
			);
			defaultConfigurationIsVisible = 0;
		};
/* End XCConfigurationList section */
	};
	rootObject = 5623CA561E44F8BE005E6C40 /* Project object */;
}
